
Microsoft Visual Studio Solution File, Format Version 12.00
# Visual Studio Version 17
VisualStudioVersion = 17.11.34909.67
MinimumVisualStudioVersion = 10.0.40219.1
Project("{FAE04EC0-301F-11D3-BF4B-00C04F79EFBC}") = "QuanLyQuanAn", "QuanLyQuanAn\QuanLyQuanAn.csproj", "{F7AEC78C-5160-4964-B6CE-48E5B46E1FC4}"
EndProject
Global
	GlobalSection(SolutionConfigurationPlatforms) = preSolution
		Debug|Any CPU = Debug|Any CPU
		Release|Any CPU = Release|Any CPU
	EndGlobalSection
	GlobalSection(ProjectConfigurationPlatforms) = postSolution
		{F7AEC78C-5160-4964-B6CE-48E5B46E1FC4}.Debug|Any CPU.ActiveCfg = Debug|Any CPU
		{F7AEC78C-5160-4964-B6CE-48E5B46E1FC4}.Debug|Any CPU.Build.0 = Debug|Any CPU
		{F7AEC78C-5160-4964-B6CE-48E5B46E1FC4}.Release|Any CPU.ActiveCfg = Release|Any CPU
		{F7AEC78C-5160-4964-B6CE-48E5B46E1FC4}.Release|Any CPU.Build.0 = Release|Any CPU
	EndGlobalSection
	GlobalSection(SolutionProperties) = preSolution
		HideSolutionNode = FALSE
	EndGlobalSection
	GlobalSection(ExtensibilityGlobals) = postSolution
		SolutionGuid = {2DC2D32D-9A0B-4DA2-84D5-73BAE542E520}
	EndGlobalSection
EndGlobal
